// !$*UTF8*$!
{
	archiveVersion = 1;
	classes = {
	};
	objectVersion = 55;
	objects = {

/* Begin PBXBuildFile section */
		FB56874328AEA5760069A794 /* FeedCell.swift in Sources */ = {isa = PBXBuildFile; fileRef = FB56874228AEA5760069A794 /* FeedCell.swift */; };
		FB56874628AEBB090069A794 /* SDWebImage in Frameworks */ = {isa = PBXBuildFile; productRef = FB56874528AEBB090069A794 /* SDWebImage */; };
		FB62EAC528AE53B8009F6EB5 /* FeedViewController.swift in Sources */ = {isa = PBXBuildFile; fileRef = FB62EAC428AE53B8009F6EB5 /* FeedViewController.swift */; };
		FB62EAC728AE53CE009F6EB5 /* UploadViewController.swift in Sources */ = {isa = PBXBuildFile; fileRef = FB62EAC628AE53CE009F6EB5 /* UploadViewController.swift */; };
		FB62EAC928AE53DC009F6EB5 /* SettingsViewController.swift in Sources */ = {isa = PBXBuildFile; fileRef = FB62EAC828AE53DC009F6EB5 /* SettingsViewController.swift */; };
		FBE5CFBC28A9061600BE7CC4 /* AppDelegate.swift in Sources */ = {isa = PBXBuildFile; fileRef = FBE5CFBB28A9061600BE7CC4 /* AppDelegate.swift */; };
		FBE5CFBE28A9061600BE7CC4 /* SceneDelegate.swift in Sources */ = {isa = PBXBuildFile; fileRef = FBE5CFBD28A9061600BE7CC4 /* SceneDelegate.swift */; };
		FBE5CFC028A9061600BE7CC4 /* ViewController.swift in Sources */ = {isa = PBXBuildFile; fileRef = FBE5CFBF28A9061600BE7CC4 /* ViewController.swift */; };
		FBE5CFC328A9061600BE7CC4 /* Main.storyboard in Resources */ = {isa = PBXBuildFile; fileRef = FBE5CFC128A9061600BE7CC4 /* Main.storyboard */; };
		FBE5CFC528A9061700BE7CC4 /* Assets.xcassets in Resources */ = {isa = PBXBuildFile; fileRef = FBE5CFC428A9061700BE7CC4 /* Assets.xcassets */; };
		FBE5CFC828A9061700BE7CC4 /* LaunchScreen.storyboard in Resources */ = {isa = PBXBuildFile; fileRef = FBE5CFC628A9061700BE7CC4 /* LaunchScreen.storyboard */; };
		FBE5CFD028A90BDD00BE7CC4 /* GoogleService-Info.plist in Resources */ = {isa = PBXBuildFile; fileRef = FBE5CFCF28A90BDD00BE7CC4 /* GoogleService-Info.plist */; };
		FBE5CFD328A9103100BE7CC4 /* FirebaseAnalytics in Frameworks */ = {isa = PBXBuildFile; productRef = FBE5CFD228A9103100BE7CC4 /* FirebaseAnalytics */; };
		FBE5CFD528A9103100BE7CC4 /* FirebaseAuth in Frameworks */ = {isa = PBXBuildFile; productRef = FBE5CFD428A9103100BE7CC4 /* FirebaseAuth */; };
		FBE5CFD728A9103100BE7CC4 /* FirebaseFirestore in Frameworks */ = {isa = PBXBuildFile; productRef = FBE5CFD628A9103100BE7CC4 /* FirebaseFirestore */; };
		FBE5CFD928A9103100BE7CC4 /* FirebaseStorage in Frameworks */ = {isa = PBXBuildFile; productRef = FBE5CFD828A9103100BE7CC4 /* FirebaseStorage */; };
/* End PBXBuildFile section */

/* Begin PBXFileReference section */
		FB56874228AEA5760069A794 /* FeedCell.swift */ = {isa = PBXFileReference; lastKnownFileType = sourcecode.swift; path = FeedCell.swift; sourceTree = "<group>"; };
		FB62EAC428AE53B8009F6EB5 /* FeedViewController.swift */ = {isa = PBXFileReference; lastKnownFileType = sourcecode.swift; path = FeedViewController.swift; sourceTree = "<group>"; };
		FB62EAC628AE53CE009F6EB5 /* UploadViewController.swift */ = {isa = PBXFileReference; lastKnownFileType = sourcecode.swift; path = UploadViewController.swift; sourceTree = "<group>"; };
		FB62EAC828AE53DC009F6EB5 /* SettingsViewController.swift */ = {isa = PBXFileReference; lastKnownFileType = sourcecode.swift; path = SettingsViewController.swift; sourceTree = "<group>"; };
		FBE5CFB828A9061600BE7CC4 /* InstaCloneFirebase.app */ = {isa = PBXFileReference; explicitFileType = wrapper.application; includeInIndex = 0; path = InstaCloneFirebase.app; sourceTree = BUILT_PRODUCTS_DIR; };
		FBE5CFBB28A9061600BE7CC4 /* AppDelegate.swift */ = {isa = PBXFileReference; lastKnownFileType = sourcecode.swift; path = AppDelegate.swift; sourceTree = "<group>"; };
		FBE5CFBD28A9061600BE7CC4 /* SceneDelegate.swift */ = {isa = PBXFileReference; lastKnownFileType = sourcecode.swift; path = SceneDelegate.swift; sourceTree = "<group>"; };
		FBE5CFBF28A9061600BE7CC4 /* ViewController.swift */ = {isa = PBXFileReference; lastKnownFileType = sourcecode.swift; path = ViewController.swift; sourceTree = "<group>"; };
		FBE5CFC228A9061600BE7CC4 /* Base */ = {isa = PBXFileReference; lastKnownFileType = file.storyboard; name = Base; path = Base.lproj/Main.storyboard; sourceTree = "<group>"; };
		FBE5CFC428A9061700BE7CC4 /* Assets.xcassets */ = {isa = PBXFileReference; lastKnownFileType = folder.assetcatalog; path = Assets.xcassets; sourceTree = "<group>"; };
		FBE5CFC728A9061700BE7CC4 /* Base */ = {isa = PBXFileReference; lastKnownFileType = file.storyboard; name = Base; path = Base.lproj/LaunchScreen.storyboard; sourceTree = "<group>"; };
		FBE5CFC928A9061700BE7CC4 /* Info.plist */ = {isa = PBXFileReference; lastKnownFileType = text.plist.xml; path = Info.plist; sourceTree = "<group>"; };
		FBE5CFCF28A90BDD00BE7CC4 /* GoogleService-Info.plist */ = {isa = PBXFileReference; fileEncoding = 4; lastKnownFileType = text.plist.xml; path = "GoogleService-Info.plist"; sourceTree = "<group>"; };
/* End PBXFileReference section */

/* Begin PBXFrameworksBuildPhase section */
		FBE5CFB528A9061600BE7CC4 /* Frameworks */ = {
			isa = PBXFrameworksBuildPhase;
			buildActionMask = 2147483647;
			files = (
				FBE5CFD328A9103100BE7CC4 /* FirebaseAnalytics in Frameworks */,
				FBE5CFD928A9103100BE7CC4 /* FirebaseStorage in Frameworks */,
				FBE5CFD528A9103100BE7CC4 /* FirebaseAuth in Frameworks */,
				FBE5CFD728A9103100BE7CC4 /* FirebaseFirestore in Frameworks */,
				FB56874628AEBB090069A794 /* SDWebImage in Frameworks */,
			);
			runOnlyForDeploymentPostprocessing = 0;
		};
/* End PBXFrameworksBuildPhase section */

/* Begin PBXGroup section */
		FBE5CFAF28A9061600BE7CC4 = {
			isa = PBXGroup;
			children = (
				FBE5CFBA28A9061600BE7CC4 /* InstaCloneFirebase */,
				FBE5CFB928A9061600BE7CC4 /* Products */,
			);
			sourceTree = "<group>";
		};
		FBE5CFB928A9061600BE7CC4 /* Products */ = {
			isa = PBXGroup;
			children = (
				FBE5CFB828A9061600BE7CC4 /* InstaCloneFirebase.app */,
			);
			name = Products;
			sourceTree = "<group>";
		};
		FBE5CFBA28A9061600BE7CC4 /* InstaCloneFirebase */ = {
			isa = PBXGroup;
			children = (
				FBE5CFBB28A9061600BE7CC4 /* AppDelegate.swift */,
				FBE5CFBD28A9061600BE7CC4 /* SceneDelegate.swift */,
				FBE5CFBF28A9061600BE7CC4 /* ViewController.swift */,
				FB62EAC428AE53B8009F6EB5 /* FeedViewController.swift */,
				FB62EAC628AE53CE009F6EB5 /* UploadViewController.swift */,
				FB62EAC828AE53DC009F6EB5 /* SettingsViewController.swift */,
				FBE5CFC128A9061600BE7CC4 /* Main.storyboard */,
				FBE5CFC428A9061700BE7CC4 /* Assets.xcassets */,
				FBE5CFC628A9061700BE7CC4 /* LaunchScreen.storyboard */,
				FBE5CFC928A9061700BE7CC4 /* Info.plist */,
				FBE5CFCF28A90BDD00BE7CC4 /* GoogleService-Info.plist */,
				FB56874228AEA5760069A794 /* FeedCell.swift */,
			);
			path = InstaCloneFirebase;
			sourceTree = "<group>";
		};
/* End PBXGroup section */

/* Begin PBXNativeTarget section */
		FBE5CFB728A9061600BE7CC4 /* InstaCloneFirebase */ = {
			isa = PBXNativeTarget;
			buildConfigurationList = FBE5CFCC28A9061700BE7CC4 /* Build configuration list for PBXNativeTarget "InstaCloneFirebase" */;
			buildPhases = (
				FBE5CFB428A9061600BE7CC4 /* Sources */,
				FBE5CFB528A9061600BE7CC4 /* Frameworks */,
				FBE5CFB628A9061600BE7CC4 /* Resources */,
			);
			buildRules = (
			);
			dependencies = (
			);
			name = InstaCloneFirebase;
			packageProductDependencies = (
				FBE5CFD228A9103100BE7CC4 /* FirebaseAnalytics */,
				FBE5CFD428A9103100BE7CC4 /* FirebaseAuth */,
				FBE5CFD628A9103100BE7CC4 /* FirebaseFirestore */,
				FBE5CFD828A9103100BE7CC4 /* FirebaseStorage */,
				FB56874528AEBB090069A794 /* SDWebImage */,
			);
			productName = InstaCloneFirebase;
			productReference = FBE5CFB828A9061600BE7CC4 /* InstaCloneFirebase.app */;
			productType = "com.apple.product-type.application";
		};
/* End PBXNativeTarget section */

/* Begin PBXProject section */
		FBE5CFB028A9061600BE7CC4 /* Project object */ = {
			isa = PBXProject;
			attributes = {
				BuildIndependentTargetsInParallel = 1;
				LastSwiftUpdateCheck = 1340;
				LastUpgradeCheck = 1340;
				TargetAttributes = {
					FBE5CFB728A9061600BE7CC4 = {
						CreatedOnToolsVersion = 13.4.1;
					};
				};
			};
			buildConfigurationList = FBE5CFB328A9061600BE7CC4 /* Build configuration list for PBXProject "InstaCloneFirebase" */;
			compatibilityVersion = "Xcode 13.0";
			developmentRegion = en;
			hasScannedForEncodings = 0;
			knownRegions = (
				en,
				Base,
			);
			mainGroup = FBE5CFAF28A9061600BE7CC4;
			packageReferences = (
				FBE5CFD128A9103100BE7CC4 /* XCRemoteSwiftPackageReference "firebase-ios-sdk" */,
				FB56874428AEBB090069A794 /* XCRemoteSwiftPackageReference "SDWebImage" */,
			);
			productRefGroup = FBE5CFB928A9061600BE7CC4 /* Products */;
			projectDirPath = "";
			projectRoot = "";
			targets = (
				FBE5CFB728A9061600BE7CC4 /* InstaCloneFirebase */,
			);
		};
/* End PBXProject section */

/* Begin PBXResourcesBuildPhase section */
		FBE5CFB628A9061600BE7CC4 /* Resources */ = {
			isa = PBXResourcesBuildPhase;
			buildActionMask = 2147483647;
			files = (
				FBE5CFC828A9061700BE7CC4 /* LaunchScreen.storyboard in Resources */,
				FBE5CFD028A90BDD00BE7CC4 /* GoogleService-Info.plist in Resources */,
				FBE5CFC528A9061700BE7CC4 /* Assets.xcassets in Resources */,
				FBE5CFC328A9061600BE7CC4 /* Main.storyboard in Resources */,
			);
			runOnlyForDeploymentPostprocessing = 0;
		};
/* End PBXResourcesBuildPhase section */

/* Begin PBXSourcesBuildPhase section */
		FBE5CFB428A9061600BE7CC4 /* Sources */ = {
			isa = PBXSourcesBuildPhase;
			buildActionMask = 2147483647;
			files = (
				FB56874328AEA5760069A794 /* FeedCell.swift in Sources */,
				FBE5CFC028A9061600BE7CC4 /* ViewController.swift in Sources */,
				FB62EAC728AE53CE009F6EB5 /* UploadViewController.swift in Sources */,
				FBE5CFBC28A9061600BE7CC4 /* AppDelegate.swift in Sources */,
				FB62EAC528AE53B8009F6EB5 /* FeedViewController.swift in Sources */,
				FBE5CFBE28A9061600BE7CC4 /* SceneDelegate.swift in Sources */,
				FB62EAC928AE53DC009F6EB5 /* SettingsViewController.swift in Sources */,
			);
			runOnlyForDeploymentPostprocessing = 0;
		};
/* End PBXSourcesBuildPhase section */

/* Begin PBXVariantGroup section */
		FBE5CFC128A9061600BE7CC4 /* Main.storyboard */ = {
			isa = PBXVariantGroup;
			children = (
				FBE5CFC228A9061600BE7CC4 /* Base */,
			);
			name = Main.storyboard;
			sourceTree = "<group>";
		};
		FBE5CFC628A9061700BE7CC4 /* LaunchScreen.storyboard */ = {
			isa = PBXVariantGroup;
			children = (
				FBE5CFC728A9061700BE7CC4 /* Base */,
			);
			name = LaunchScreen.storyboard;
			sourceTree = "<group>";
		};
/* End PBXVariantGroup section */

/* Begin XCBuildConfiguration section */
		FBE5CFCA28A9061700BE7CC4 /* Debug */ = {
			isa = XCBuildConfiguration;
			buildSettings = {
				ALWAYS_SEARCH_USER_PATHS = NO;
				CLANG_ANALYZER_NONNULL = YES;
				CLANG_ANALYZER_NUMBER_OBJECT_CONVERSION = YES_AGGRESSIVE;
				CLANG_CXX_LANGUAGE_STANDARD = "gnu++17";
				CLANG_ENABLE_MODULES = YES;
				CLANG_ENABLE_OBJC_ARC = YES;
				CLANG_ENABLE_OBJC_WEAK = YES;
				CLANG_WARN_BLOCK_CAPTURE_AUTORELEASING = YES;
				CLANG_WARN_BOOL_CONVERSION = YES;
				CLANG_WARN_COMMA = YES;
				CLANG_WARN_CONSTANT_CONVERSION = YES;
				CLANG_WARN_DEPRECATED_OBJC_IMPLEMENTATIONS = YES;
				CLANG_WARN_DIRECT_OBJC_ISA_USAGE = YES_ERROR;
				CLANG_WARN_DOCUMENTATION_COMMENTS = YES;
				CLANG_WARN_EMPTY_BODY = YES;
				CLANG_WARN_ENUM_CONVERSION = YES;
				CLANG_WARN_INFINITE_RECURSION = YES;
				CLANG_WARN_INT_CONVERSION = YES;
				CLANG_WARN_NON_LITERAL_NULL_CONVERSION = YES;
				CLANG_WARN_OBJC_IMPLICIT_RETAIN_SELF = YES;
				CLANG_WARN_OBJC_LITERAL_CONVERSION = YES;
				CLANG_WARN_OBJC_ROOT_CLASS = YES_ERROR;
				CLANG_WARN_QUOTED_INCLUDE_IN_FRAMEWORK_HEADER = YES;
				CLANG_WARN_RANGE_LOOP_ANALYSIS = YES;
				CLANG_WARN_STRICT_PROTOTYPES = YES;
				CLANG_WARN_SUSPICIOUS_MOVE = YES;
				CLANG_WARN_UNGUARDED_AVAILABILITY = YES_AGGRESSIVE;
				CLANG_WARN_UNREACHABLE_CODE = YES;
				CLANG_WARN__DUPLICATE_METHOD_MATCH = YES;
				COPY_PHASE_STRIP = NO;
				DEBUG_INFORMATION_FORMAT = dwarf;
				ENABLE_STRICT_OBJC_MSGSEND = YES;
				ENABLE_TESTABILITY = YES;
				GCC_C_LANGUAGE_STANDARD = gnu11;
				GCC_DYNAMIC_NO_PIC = NO;
				GCC_NO_COMMON_BLOCKS = YES;
				GCC_OPTIMIZATION_LEVEL = 0;
				GCC_PREPROCESSOR_DEFINITIONS = (
					"DEBUG=1",
					"$(inherited)",
				);
				GCC_WARN_64_TO_32_BIT_CONVERSION = YES;
				GCC_WARN_ABOUT_RETURN_TYPE = YES_ERROR;
				GCC_WARN_UNDECLARED_SELECTOR = YES;
				GCC_WARN_UNINITIALIZED_AUTOS = YES_AGGRESSIVE;
				GCC_WARN_UNUSED_FUNCTION = YES;
				GCC_WARN_UNUSED_VARIABLE = YES;
				IPHONEOS_DEPLOYMENT_TARGET = 15.5;
				MTL_ENABLE_DEBUG_INFO = INCLUDE_SOURCE;
				MTL_FAST_MATH = YES;
				NEW_SETTING = "";
				ONLY_ACTIVE_ARCH = YES;
				SDKROOT = iphoneos;
				SWIFT_ACTIVE_COMPILATION_CONDITIONS = DEBUG;
				SWIFT_OPTIMIZATION_LEVEL = "-Onone";
			};
			name = Debug;
		};
		FBE5CFCB28A9061700BE7CC4 /* Release */ = {
			isa = XCBuildConfiguration;
			buildSettings = {
				ALWAYS_SEARCH_USER_PATHS = NO;
				CLANG_ANALYZER_NONNULL = YES;
				CLANG_ANALYZER_NUMBER_OBJECT_CONVERSION = YES_AGGRESSIVE;
				CLANG_CXX_LANGUAGE_STANDARD = "gnu++17";
				CLANG_ENABLE_MODULES = YES;
				CLANG_ENABLE_OBJC_ARC = YES;
				CLANG_ENABLE_OBJC_WEAK = YES;
				CLANG_WARN_BLOCK_CAPTURE_AUTORELEASING = YES;
				CLANG_WARN_BOOL_CONVERSION = YES;
				CLANG_WARN_COMMA = YES;
				CLANG_WARN_CONSTANT_CONVERSION = YES;
				CLANG_WARN_DEPRECATED_OBJC_IMPLEMENTATIONS = YES;
				CLANG_WARN_DIRECT_OBJC_ISA_USAGE = YES_ERROR;
				CLANG_WARN_DOCUMENTATION_COMMENTS = YES;
				CLANG_WARN_EMPTY_BODY = YES;
				CLANG_WARN_ENUM_CONVERSION = YES;
				CLANG_WARN_INFINITE_RECURSION = YES;
				CLANG_WARN_INT_CONVERSION = YES;
				CLANG_WARN_NON_LITERAL_NULL_CONVERSION = YES;
				CLANG_WARN_OBJC_IMPLICIT_RETAIN_SELF = YES;
				CLANG_WARN_OBJC_LITERAL_CONVERSION = YES;
				CLANG_WARN_OBJC_ROOT_CLASS = YES_ERROR;
				CLANG_WARN_QUOTED_INCLUDE_IN_FRAMEWORK_HEADER = YES;
				CLANG_WARN_RANGE_LOOP_ANALYSIS = YES;
				CLANG_WARN_STRICT_PROTOTYPES = YES;
				CLANG_WARN_SUSPICIOUS_MOVE = YES;
				CLANG_WARN_UNGUARDED_AVAILABILITY = YES_AGGRESSIVE;
				CLANG_WARN_UNREACHABLE_CODE = YES;
				CLANG_WARN__DUPLICATE_METHOD_MATCH = YES;
				COPY_PHASE_STRIP = NO;
				DEBUG_INFORMATION_FORMAT = "dwarf-with-dsym";
				ENABLE_NS_ASSERTIONS = NO;
				ENABLE_STRICT_OBJC_MSGSEND = YES;
				GCC_C_LANGUAGE_STANDARD = gnu11;
				GCC_NO_COMMON_BLOCKS = YES;
				GCC_WARN_64_TO_32_BIT_CONVERSION = YES;
				GCC_WARN_ABOUT_RETURN_TYPE = YES_ERROR;
				GCC_WARN_UNDECLARED_SELECTOR = YES;
				GCC_WARN_UNINITIALIZED_AUTOS = YES_AGGRESSIVE;
				GCC_WARN_UNUSED_FUNCTION = YES;
				GCC_WARN_UNUSED_VARIABLE = YES;
				IPHONEOS_DEPLOYMENT_TARGET = 15.5;
				MTL_ENABLE_DEBUG_INFO = NO;
				MTL_FAST_MATH = YES;
				NEW_SETTING = "";
				SDKROOT = iphoneos;
				SWIFT_COMPILATION_MODE = wholemodule;
				SWIFT_OPTIMIZATION_LEVEL = "-O";
				VALIDATE_PRODUCT = YES;
			};
			name = Release;
		};
		FBE5CFCD28A9061700BE7CC4 /* Debug */ = {
			isa = XCBuildConfiguration;
			buildSettings = {
				ASSETCATALOG_COMPILER_APPICON_NAME = AppIcon;
				ASSETCATALOG_COMPILER_GLOBAL_ACCENT_COLOR_NAME = AccentColor;
				CODE_SIGN_STYLE = Automatic;
				CURRENT_PROJECT_VERSION = 1;
				DEVELOPMENT_TEAM = GQ3DRVLPT9;
				GENERATE_INFOPLIST_FILE = YES;
				INFOPLIST_FILE = InstaCloneFirebase/Info.plist;
				INFOPLIST_KEY_UIApplicationSupportsIndirectInputEvents = YES;
				INFOPLIST_KEY_UILaunchStoryboardName = LaunchScreen;
				INFOPLIST_KEY_UIMainStoryboardFile = Main;
				INFOPLIST_KEY_UISupportedInterfaceOrientations_iPad = "UIInterfaceOrientationPortrait UIInterfaceOrientationPortraitUpsideDown UIInterfaceOrientationLandscapeLeft UIInterfaceOrientationLandscapeRight";
				INFOPLIST_KEY_UISupportedInterfaceOrientations_iPhone = "UIInterfaceOrientationPortrait UIInterfaceOrientationLandscapeLeft UIInterfaceOrientationLandscapeRight";
				LD_RUNPATH_SEARCH_PATHS = (
					"$(inherited)",
					"@executable_path/Frameworks",
				);
				MARKETING_VERSION = 1.0;
				PRODUCT_BUNDLE_IDENTIFIER = com.fatihfilizol.InstaCloneFirebase;
				PRODUCT_NAME = "$(TARGET_NAME)";
				SWIFT_EMIT_LOC_STRINGS = YES;
				SWIFT_VERSION = 5.0;
				TARGETED_DEVICE_FAMILY = "1,2";
			};
			name = Debug;
		};
		FBE5CFCE28A9061700BE7CC4 /* Release */ = {
			isa = XCBuildConfiguration;
			buildSettings = {
				ASSETCATALOG_COMPILER_APPICON_NAME = AppIcon;
				ASSETCATALOG_COMPILER_GLOBAL_ACCENT_COLOR_NAME = AccentColor;
				CODE_SIGN_STYLE = Automatic;
				CURRENT_PROJECT_VERSION = 1;
				DEVELOPMENT_TEAM = GQ3DRVLPT9;
				GENERATE_INFOPLIST_FILE = YES;
				INFOPLIST_FILE = InstaCloneFirebase/Info.plist;
				INFOPLIST_KEY_UIApplicationSupportsIndirectInputEvents = YES;
				INFOPLIST_KEY_UILaunchStoryboardName = LaunchScreen;
				INFOPLIST_KEY_UIMainStoryboardFile = Main;
				INFOPLIST_KEY_UISupportedInterfaceOrientations_iPad = "UIInterfaceOrientationPortrait UIInterfaceOrientationPortraitUpsideDown UIInterfaceOrientationLandscapeLeft UIInterfaceOrientationLandscapeRight";
				INFOPLIST_KEY_UISupportedInterfaceOrientations_iPhone = "UIInterfaceOrientationPortrait UIInterfaceOrientationLandscapeLeft UIInterfaceOrientationLandscapeRight";
				LD_RUNPATH_SEARCH_PATHS = (
					"$(inherited)",
					"@executable_path/Frameworks",
				);
				MARKETING_VERSION = 1.0;
				PRODUCT_BUNDLE_IDENTIFIER = com.fatihfilizol.InstaCloneFirebase;
				PRODUCT_NAME = "$(TARGET_NAME)";
				SWIFT_EMIT_LOC_STRINGS = YES;
				SWIFT_VERSION = 5.0;
				TARGETED_DEVICE_FAMILY = "1,2";
			};
			name = Release;
		};
/* End XCBuildConfiguration section */

/* Begin XCConfigurationList section */
		FBE5CFB328A9061600BE7CC4 /* Build configuration list for PBXProject "InstaCloneFirebase" */ = {
			isa = XCConfigurationList;
			buildConfigurations = (
				FBE5CFCA28A9061700BE7CC4 /* Debug */,
				FBE5CFCB28A9061700BE7CC4 /* Release */,
			);
			defaultConfigurationIsVisible = 0;
			defaultConfigurationName = Release;
		};
		FBE5CFCC28A9061700BE7CC4 /* Build configuration list for PBXNativeTarget "InstaCloneFirebase" */ = {
			isa = XCConfigurationList;
			buildConfigurations = (
				FBE5CFCD28A9061700BE7CC4 /* Debug */,
				FBE5CFCE28A9061700BE7CC4 /* Release */,
			);
			defaultConfigurationIsVisible = 0;
			defaultConfigurationName = Release;
		};
/* End XCConfigurationList section */

/* Begin XCRemoteSwiftPackageReference section */
		FB56874428AEBB090069A794 /* XCRemoteSwiftPackageReference "SDWebImage" */ = {
			isa = XCRemoteSwiftPackageReference;
			repositoryURL = "https://github.com/SDWebImage/SDWebImage.git";
			requirement = {
				kind = upToNextMajorVersion;
				minimumVersion = 5.0.0;
			};
		};
		FBE5CFD128A9103100BE7CC4 /* XCRemoteSwiftPackageReference "firebase-ios-sdk" */ = {
			isa = XCRemoteSwiftPackageReference;
			repositoryURL = "https://github.com/firebase/firebase-ios-sdk";
			requirement = {
				kind = upToNextMajorVersion;
				minimumVersion = 9.0.0;
			};
		};
/* End XCRemoteSwiftPackageReference section */

/* Begin XCSwiftPackageProductDependency section */
		FB56874528AEBB090069A794 /* SDWebImage */ = {
			isa = XCSwiftPackageProductDependency;
			package = FB56874428AEBB090069A794 /* XCRemoteSwiftPackageReference "SDWebImage" */;
			productName = SDWebImage;
		};
		FBE5CFD228A9103100BE7CC4 /* FirebaseAnalytics */ = {
			isa = XCSwiftPackageProductDependency;
			package = FBE5CFD128A9103100BE7CC4 /* XCRemoteSwiftPackageReference "firebase-ios-sdk" */;
			productName = FirebaseAnalytics;
		};
		FBE5CFD428A9103100BE7CC4 /* FirebaseAuth */ = {
			isa = XCSwiftPackageProductDependency;
			package = FBE5CFD128A9103100BE7CC4 /* XCRemoteSwiftPackageReference "firebase-ios-sdk" */;
			productName = FirebaseAuth;
		};
		FBE5CFD628A9103100BE7CC4 /* FirebaseFirestore */ = {
			isa = XCSwiftPackageProductDependency;
			package = FBE5CFD128A9103100BE7CC4 /* XCRemoteSwiftPackageReference "firebase-ios-sdk" */;
			productName = FirebaseFirestore;
		};
		FBE5CFD828A9103100BE7CC4 /* FirebaseStorage */ = {
			isa = XCSwiftPackageProductDependency;
			package = FBE5CFD128A9103100BE7CC4 /* XCRemoteSwiftPackageReference "firebase-ios-sdk" */;
			productName = FirebaseStorage;
		};
/* End XCSwiftPackageProductDependency section */
	};
	rootObject = FBE5CFB028A9061600BE7CC4 /* Project object */;
}
